
Microsoft Visual Studio Solution File, Format Version 12.00
# Visual Studio 15
VisualStudioVersion = 15.0.27703.2035
MinimumVisualStudioVersion = 10.0.40219.1
Project("{FAE04EC0-301F-11D3-BF4B-00C04F79EFBC}") = "TankWar", "TankWar\TankWar.csproj", "{8CE8FC43-2566-441A-83DE-A7A967734BC3}"
EndProject
Project("{FAE04EC0-301F-11D3-BF4B-00C04F79EFBC}") = "TankWar.TestDemo", "TankWar.TestDemo\TankWar.TestDemo.csproj", "{23D1E96A-D149-47ED-9576-5F857A6AF34F}"
EndProject
Global
	GlobalSection(SolutionConfigurationPlatforms) = preSolution
		Debug|Any CPU = Debug|Any CPU
		Release|Any CPU = Release|Any CPU
	EndGlobalSection
	GlobalSection(ProjectConfigurationPlatforms) = postSolution
		{8CE8FC43-2566-441A-83DE-A7A967734BC3}.Debug|Any CPU.ActiveCfg = Debug|Any CPU
		{8CE8FC43-2566-441A-83DE-A7A967734BC3}.Debug|Any CPU.Build.0 = Debug|Any CPU
		{8CE8FC43-2566-441A-83DE-A7A967734BC3}.Release|Any CPU.ActiveCfg = Release|Any CPU
		{8CE8FC43-2566-441A-83DE-A7A967734BC3}.Release|Any CPU.Build.0 = Release|Any CPU
		{23D1E96A-D149-47ED-9576-5F857A6AF34F}.Debug|Any CPU.ActiveCfg = Debug|Any CPU
		{23D1E96A-D149-47ED-9576-5F857A6AF34F}.Debug|Any CPU.Build.0 = Debug|Any CPU
		{23D1E96A-D149-47ED-9576-5F857A6AF34F}.Release|Any CPU.ActiveCfg = Release|Any CPU
		{23D1E96A-D149-47ED-9576-5F857A6AF34F}.Release|Any CPU.Build.0 = Release|Any CPU
	EndGlobalSection
	GlobalSection(SolutionProperties) = preSolution
		HideSolutionNode = FALSE
	EndGlobalSection
	GlobalSection(ExtensibilityGlobals) = postSolution
		SolutionGuid = {90FA08ED-2316-4243-B685-69D94652D63B}
	EndGlobalSection
EndGlobal
